// !$*UTF8*$!
{
	archiveVersion = 1;
	classes = {
	};
	objectVersion = 50;
	objects = {

/* Begin PBXBuildFile section */
		843BBD2B24E6F4AF001A69D4 /* AppDelegate.swift in Sources */ = {isa = PBXBuildFile; fileRef = 843BBD2A24E6F4AF001A69D4 /* AppDelegate.swift */; };
		843BBD2D24E6F4AF001A69D4 /* SceneDelegate.swift in Sources */ = {isa = PBXBuildFile; fileRef = 843BBD2C24E6F4AF001A69D4 /* SceneDelegate.swift */; };
		843BBD2F24E6F4AF001A69D4 /* ViewController.swift in Sources */ = {isa = PBXBuildFile; fileRef = 843BBD2E24E6F4AF001A69D4 /* ViewController.swift */; };
		843BBD3424E6F4B0001A69D4 /* Assets.xcassets in Resources */ = {isa = PBXBuildFile; fileRef = 843BBD3324E6F4B0001A69D4 /* Assets.xcassets */; };
		843BBD3724E6F4B0001A69D4 /* LaunchScreen.storyboard in Resources */ = {isa = PBXBuildFile; fileRef = 843BBD3524E6F4B0001A69D4 /* LaunchScreen.storyboard */; };
/* End PBXBuildFile section */

/* Begin PBXFileReference section */
		843BBD2724E6F4AF001A69D4 /* Mooncascade.app */ = {isa = PBXFileReference; explicitFileType = wrapper.application; includeInIndex = 0; path = Mooncascade.app; sourceTree = BUILT_PRODUCTS_DIR; };
		843BBD2A24E6F4AF001A69D4 /* AppDelegate.swift */ = {isa = PBXFileReference; lastKnownFileType = sourcecode.swift; path = AppDelegate.swift; sourceTree = "<group>"; };
		843BBD2C24E6F4AF001A69D4 /* SceneDelegate.swift */ = {isa = PBXFileReference; lastKnownFileType = sourcecode.swift; path = SceneDelegate.swift; sourceTree = "<group>"; };
		843BBD2E24E6F4AF001A69D4 /* ViewController.swift */ = {isa = PBXFileReference; lastKnownFileType = sourcecode.swift; path = ViewController.swift; sourceTree = "<group>"; };
		843BBD3324E6F4B0001A69D4 /* Assets.xcassets */ = {isa = PBXFileReference; lastKnownFileType = folder.assetcatalog; path = Assets.xcassets; sourceTree = "<group>"; };
		843BBD3624E6F4B0001A69D4 /* Base */ = {isa = PBXFileReference; lastKnownFileType = file.storyboard; name = Base; path = Base.lproj/LaunchScreen.storyboard; sourceTree = "<group>"; };
		843BBD3824E6F4B0001A69D4 /* Info.plist */ = {isa = PBXFileReference; lastKnownFileType = text.plist.xml; path = Info.plist; sourceTree = "<group>"; };
/* End PBXFileReference section */

/* Begin PBXFrameworksBuildPhase section */
		843BBD2424E6F4AF001A69D4 /* Frameworks */ = {
			isa = PBXFrameworksBuildPhase;
			buildActionMask = 2147483647;
			files = (
			);
			runOnlyForDeploymentPostprocessing = 0;
		};
/* End PBXFrameworksBuildPhase section */

/* Begin PBXGroup section */
		843BBD1E24E6F4AF001A69D4 = {
			isa = PBXGroup;
			children = (
				843BBD2924E6F4AF001A69D4 /* Mooncascade */,
				843BBD2824E6F4AF001A69D4 /* Products */,
			);
			sourceTree = "<group>";
		};
		843BBD2824E6F4AF001A69D4 /* Products */ = {
			isa = PBXGroup;
			children = (
				843BBD2724E6F4AF001A69D4 /* Mooncascade.app */,
			);
			name = Products;
			sourceTree = "<group>";
		};
		843BBD2924E6F4AF001A69D4 /* Mooncascade */ = {
			isa = PBXGroup;
			children = (
				843BBD3E24E6FB1B001A69D4 /* Model */,
				843BBD3F24E6FB21001A69D4 /* View */,
				843BBD4024E6FB2E001A69D4 /* Controller */,
				843BBD4124E6FB3C001A69D4 /* Utils */,
				843BBD2A24E6F4AF001A69D4 /* AppDelegate.swift */,
				843BBD2C24E6F4AF001A69D4 /* SceneDelegate.swift */,
				843BBD2E24E6F4AF001A69D4 /* ViewController.swift */,
				843BBD3324E6F4B0001A69D4 /* Assets.xcassets */,
				843BBD3524E6F4B0001A69D4 /* LaunchScreen.storyboard */,
				843BBD3824E6F4B0001A69D4 /* Info.plist */,
			);
			path = Mooncascade;
			sourceTree = "<group>";
		};
		843BBD3E24E6FB1B001A69D4 /* Model */ = {
			isa = PBXGroup;
			children = (
			);
			path = Model;
			sourceTree = "<group>";
		};
		843BBD3F24E6FB21001A69D4 /* View */ = {
			isa = PBXGroup;
			children = (
			);
			path = View;
			sourceTree = "<group>";
		};
		843BBD4024E6FB2E001A69D4 /* Controller */ = {
			isa = PBXGroup;
			children = (
			);
			path = Controller;
			sourceTree = "<group>";
		};
		843BBD4124E6FB3C001A69D4 /* Utils */ = {
			isa = PBXGroup;
			children = (
			);
			path = Utils;
			sourceTree = "<group>";
		};
/* End PBXGroup section */

/* Begin PBXNativeTarget section */
		843BBD2624E6F4AF001A69D4 /* Mooncascade */ = {
			isa = PBXNativeTarget;
			buildConfigurationList = 843BBD3B24E6F4B0001A69D4 /* Build configuration list for PBXNativeTarget "Mooncascade" */;
			buildPhases = (
				843BBD2324E6F4AF001A69D4 /* Sources */,
				843BBD2424E6F4AF001A69D4 /* Frameworks */,
				843BBD2524E6F4AF001A69D4 /* Resources */,
			);
			buildRules = (
			);
			dependencies = (
			);
			name = Mooncascade;
			productName = Mooncascade;
			productReference = 843BBD2724E6F4AF001A69D4 /* Mooncascade.app */;
			productType = "com.apple.product-type.application";
		};
/* End PBXNativeTarget section */

/* Begin PBXProject section */
		843BBD1F24E6F4AF001A69D4 /* Project object */ = {
			isa = PBXProject;
			attributes = {
				LastSwiftUpdateCheck = 1160;
				LastUpgradeCheck = 1160;
				ORGANIZATIONNAME = "Furkan Kahyalar";
				TargetAttributes = {
					843BBD2624E6F4AF001A69D4 = {
						CreatedOnToolsVersion = 11.6;
					};
				};
			};
			buildConfigurationList = 843BBD2224E6F4AF001A69D4 /* Build configuration list for PBXProject "Mooncascade" */;
			compatibilityVersion = "Xcode 9.3";
			developmentRegion = en;
			hasScannedForEncodings = 0;
			knownRegions = (
				en,
				Base,
			);
			mainGroup = 843BBD1E24E6F4AF001A69D4;
			productRefGroup = 843BBD2824E6F4AF001A69D4 /* Products */;
			projectDirPath = "";
			projectRoot = "";
			targets = (
				843BBD2624E6F4AF001A69D4 /* Mooncascade */,
			);
		};
/* End PBXProject section */

/* Begin PBXResourcesBuildPhase section */
		843BBD2524E6F4AF001A69D4 /* Resources */ = {
			isa = PBXResourcesBuildPhase;
			buildActionMask = 2147483647;
			files = (
				843BBD3724E6F4B0001A69D4 /* LaunchScreen.storyboard in Resources */,
				843BBD3424E6F4B0001A69D4 /* Assets.xcassets in Resources */,
			);
			runOnlyForDeploymentPostprocessing = 0;
		};
/* End PBXResourcesBuildPhase section */

/* Begin PBXSourcesBuildPhase section */
		843BBD2324E6F4AF001A69D4 /* Sources */ = {
			isa = PBXSourcesBuildPhase;
			buildActionMask = 2147483647;
			files = (
				843BBD2F24E6F4AF001A69D4 /* ViewController.swift in Sources */,
				843BBD2B24E6F4AF001A69D4 /* AppDelegate.swift in Sources */,
				843BBD2D24E6F4AF001A69D4 /* SceneDelegate.swift in Sources */,
			);
			runOnlyForDeploymentPostprocessing = 0;
		};
/* End PBXSourcesBuildPhase section */

/* Begin PBXVariantGroup section */
		843BBD3524E6F4B0001A69D4 /* LaunchScreen.storyboard */ = {
			isa = PBXVariantGroup;
			children = (
				843BBD3624E6F4B0001A69D4 /* Base */,
			);
			name = LaunchScreen.storyboard;
			sourceTree = "<group>";
		};
/* End PBXVariantGroup section */

/* Begin XCBuildConfiguration section */
		843BBD3924E6F4B0001A69D4 /* Debug */ = {
			isa = XCBuildConfiguration;
			buildSettings = {
				ALWAYS_SEARCH_USER_PATHS = NO;
				CLANG_ANALYZER_NONNULL = YES;
				CLANG_ANALYZER_NUMBER_OBJECT_CONVERSION = YES_AGGRESSIVE;
				CLANG_CXX_LANGUAGE_STANDARD = "gnu++14";
				CLANG_CXX_LIBRARY = "libc++";
				CLANG_ENABLE_MODULES = YES;
				CLANG_ENABLE_OBJC_ARC = YES;
				CLANG_ENABLE_OBJC_WEAK = YES;
				CLANG_WARN_BLOCK_CAPTURE_AUTORELEASING = YES;
				CLANG_WARN_BOOL_CONVERSION = YES;
				CLANG_WARN_COMMA = YES;
				CLANG_WARN_CONSTANT_CONVERSION = YES;
				CLANG_WARN_DEPRECATED_OBJC_IMPLEMENTATIONS = YES;
				CLANG_WARN_DIRECT_OBJC_ISA_USAGE = YES_ERROR;
				CLANG_WARN_DOCUMENTATION_COMMENTS = YES;
				CLANG_WARN_EMPTY_BODY = YES;
				CLANG_WARN_ENUM_CONVERSION = YES;
				CLANG_WARN_INFINITE_RECURSION = YES;
				CLANG_WARN_INT_CONVERSION = YES;
				CLANG_WARN_NON_LITERAL_NULL_CONVERSION = YES;
				CLANG_WARN_OBJC_IMPLICIT_RETAIN_SELF = YES;
				CLANG_WARN_OBJC_LITERAL_CONVERSION = YES;
				CLANG_WARN_OBJC_ROOT_CLASS = YES_ERROR;
				CLANG_WARN_RANGE_LOOP_ANALYSIS = YES;
				CLANG_WARN_STRICT_PROTOTYPES = YES;
				CLANG_WARN_SUSPICIOUS_MOVE = YES;
				CLANG_WARN_UNGUARDED_AVAILABILITY = YES_AGGRESSIVE;
				CLANG_WARN_UNREACHABLE_CODE = YES;
				CLANG_WARN__DUPLICATE_METHOD_MATCH = YES;
				COPY_PHASE_STRIP = NO;
				DEBUG_INFORMATION_FORMAT = dwarf;
				ENABLE_STRICT_OBJC_MSGSEND = YES;
				ENABLE_TESTABILITY = YES;
				GCC_C_LANGUAGE_STANDARD = gnu11;
				GCC_DYNAMIC_NO_PIC = NO;
				GCC_NO_COMMON_BLOCKS = YES;
				GCC_OPTIMIZATION_LEVEL = 0;
				GCC_PREPROCESSOR_DEFINITIONS = (
					"DEBUG=1",
					"$(inherited)",
				);
				GCC_WARN_64_TO_32_BIT_CONVERSION = YES;
				GCC_WARN_ABOUT_RETURN_TYPE = YES_ERROR;
				GCC_WARN_UNDECLARED_SELECTOR = YES;
				GCC_WARN_UNINITIALIZED_AUTOS = YES_AGGRESSIVE;
				GCC_WARN_UNUSED_FUNCTION = YES;
				GCC_WARN_UNUSED_VARIABLE = YES;
				IPHONEOS_DEPLOYMENT_TARGET = 13.6;
				MTL_ENABLE_DEBUG_INFO = INCLUDE_SOURCE;
				MTL_FAST_MATH = YES;
				ONLY_ACTIVE_ARCH = YES;
				SDKROOT = iphoneos;
				SWIFT_ACTIVE_COMPILATION_CONDITIONS = DEBUG;
				SWIFT_OPTIMIZATION_LEVEL = "-Onone";
			};
			name = Debug;
		};
		843BBD3A24E6F4B0001A69D4 /* Release */ = {
			isa = XCBuildConfiguration;
			buildSettings = {
				ALWAYS_SEARCH_USER_PATHS = NO;
				CLANG_ANALYZER_NONNULL = YES;
				CLANG_ANALYZER_NUMBER_OBJECT_CONVERSION = YES_AGGRESSIVE;
				CLANG_CXX_LANGUAGE_STANDARD = "gnu++14";
				CLANG_CXX_LIBRARY = "libc++";
				CLANG_ENABLE_MODULES = YES;
				CLANG_ENABLE_OBJC_ARC = YES;
				CLANG_ENABLE_OBJC_WEAK = YES;
				CLANG_WARN_BLOCK_CAPTURE_AUTORELEASING = YES;
				CLANG_WARN_BOOL_CONVERSION = YES;
				CLANG_WARN_COMMA = YES;
				CLANG_WARN_CONSTANT_CONVERSION = YES;
				CLANG_WARN_DEPRECATED_OBJC_IMPLEMENTATIONS = YES;
				CLANG_WARN_DIRECT_OBJC_ISA_USAGE = YES_ERROR;
				CLANG_WARN_DOCUMENTATION_COMMENTS = YES;
				CLANG_WARN_EMPTY_BODY = YES;
				CLANG_WARN_ENUM_CONVERSION = YES;
				CLANG_WARN_INFINITE_RECURSION = YES;
				CLANG_WARN_INT_CONVERSION = YES;
				CLANG_WARN_NON_LITERAL_NULL_CONVERSION = YES;
				CLANG_WARN_OBJC_IMPLICIT_RETAIN_SELF = YES;
				CLANG_WARN_OBJC_LITERAL_CONVERSION = YES;
				CLANG_WARN_OBJC_ROOT_CLASS = YES_ERROR;
				CLANG_WARN_RANGE_LOOP_ANALYSIS = YES;
				CLANG_WARN_STRICT_PROTOTYPES = YES;
				CLANG_WARN_SUSPICIOUS_MOVE = YES;
				CLANG_WARN_UNGUARDED_AVAILABILITY = YES_AGGRESSIVE;
				CLANG_WARN_UNREACHABLE_CODE = YES;
				CLANG_WARN__DUPLICATE_METHOD_MATCH = YES;
				COPY_PHASE_STRIP = NO;
				DEBUG_INFORMATION_FORMAT = "dwarf-with-dsym";
				ENABLE_NS_ASSERTIONS = NO;
				ENABLE_STRICT_OBJC_MSGSEND = YES;
				GCC_C_LANGUAGE_STANDARD = gnu11;
				GCC_NO_COMMON_BLOCKS = YES;
				GCC_WARN_64_TO_32_BIT_CONVERSION = YES;
				GCC_WARN_ABOUT_RETURN_TYPE = YES_ERROR;
				GCC_WARN_UNDECLARED_SELECTOR = YES;
				GCC_WARN_UNINITIALIZED_AUTOS = YES_AGGRESSIVE;
				GCC_WARN_UNUSED_FUNCTION = YES;
				GCC_WARN_UNUSED_VARIABLE = YES;
				IPHONEOS_DEPLOYMENT_TARGET = 13.6;
				MTL_ENABLE_DEBUG_INFO = NO;
				MTL_FAST_MATH = YES;
				SDKROOT = iphoneos;
				SWIFT_COMPILATION_MODE = wholemodule;
				SWIFT_OPTIMIZATION_LEVEL = "-O";
				VALIDATE_PRODUCT = YES;
			};
			name = Release;
		};
		843BBD3C24E6F4B0001A69D4 /* Debug */ = {
			isa = XCBuildConfiguration;
			buildSettings = {
				ASSETCATALOG_COMPILER_APPICON_NAME = AppIcon;
				CODE_SIGN_STYLE = Automatic;
				DEVELOPMENT_TEAM = QUEJRAHHN4;
				INFOPLIST_FILE = Mooncascade/Info.plist;
				LD_RUNPATH_SEARCH_PATHS = (
					"$(inherited)",
					"@executable_path/Frameworks",
				);
				PRODUCT_BUNDLE_IDENTIFIER = com.kahyalar.Mooncascade;
				PRODUCT_NAME = "$(TARGET_NAME)";
				SWIFT_VERSION = 5.0;
				TARGETED_DEVICE_FAMILY = "1,2";
			};
			name = Debug;
		};
		843BBD3D24E6F4B0001A69D4 /* Release */ = {
			isa = XCBuildConfiguration;
			buildSettings = {
				ASSETCATALOG_COMPILER_APPICON_NAME = AppIcon;
				CODE_SIGN_STYLE = Automatic;
				DEVELOPMENT_TEAM = QUEJRAHHN4;
				INFOPLIST_FILE = Mooncascade/Info.plist;
				LD_RUNPATH_SEARCH_PATHS = (
					"$(inherited)",
					"@executable_path/Frameworks",
				);
				PRODUCT_BUNDLE_IDENTIFIER = com.kahyalar.Mooncascade;
				PRODUCT_NAME = "$(TARGET_NAME)";
				SWIFT_VERSION = 5.0;
				TARGETED_DEVICE_FAMILY = "1,2";
			};
			name = Release;
		};
/* End XCBuildConfiguration section */

/* Begin XCConfigurationList section */
		843BBD2224E6F4AF001A69D4 /* Build configuration list for PBXProject "Mooncascade" */ = {
			isa = XCConfigurationList;
			buildConfigurations = (
				843BBD3924E6F4B0001A69D4 /* Debug */,
				843BBD3A24E6F4B0001A69D4 /* Release */,
			);
			defaultConfigurationIsVisible = 0;
			defaultConfigurationName = Release;
		};
		843BBD3B24E6F4B0001A69D4 /* Build configuration list for PBXNativeTarget "Mooncascade" */ = {
			isa = XCConfigurationList;
			buildConfigurations = (
				843BBD3C24E6F4B0001A69D4 /* Debug */,
				843BBD3D24E6F4B0001A69D4 /* Release */,
			);
			defaultConfigurationIsVisible = 0;
			defaultConfigurationName = Release;
		};
/* End XCConfigurationList section */
	};
	rootObject = 843BBD1F24E6F4AF001A69D4 /* Project object */;
}
